// !$*UTF8*$!
{
	archiveVersion = 1;
	classes = {
	};
	objectVersion = 46;
	objects = {

/* Begin PBXBuildFile section */
		CE00F36B1600D6A30084C702 /* SCDate.m in Sources */ = {isa = PBXBuildFile; fileRef = CE00F36A1600D6A30084C702 /* SCDate.m */; };
		CE683449161B48B300F8F0E7 /* SCErrors.m in Sources */ = {isa = PBXBuildFile; fileRef = CE683448161B48B300F8F0E7 /* SCErrors.m */; };
		CE69AE21161A167A00C07A37 /* FacebookSDK.framework in Frameworks */ = {isa = PBXBuildFile; fileRef = CE69AE20161A167A00C07A37 /* FacebookSDK.framework */; };
		CE69AE24161A168D00C07A37 /* FacebookSDKResources.bundle in Resources */ = {isa = PBXBuildFile; fileRef = CE69AE23161A168D00C07A37 /* FacebookSDKResources.bundle */; };
		CE69AE26161A169C00C07A37 /* Accounts.framework in Frameworks */ = {isa = PBXBuildFile; fileRef = CE69AE25161A169C00C07A37 /* Accounts.framework */; };
		CE6C2C62160103B80087CED3 /* SCDateNavigator.m in Sources */ = {isa = PBXBuildFile; fileRef = CE6C2C61160103B80087CED3 /* SCDateNavigator.m */; };
		CE6C40821619B2DC005FB90E /* Movies.m in Sources */ = {isa = PBXBuildFile; fileRef = CE6C40811619B2DC005FB90E /* Movies.m */; };
		CE6C40C51619C198005FB90E /* SCDirectorViewController.m in Sources */ = {isa = PBXBuildFile; fileRef = CE6C40C41619C198005FB90E /* SCDirectorViewController.m */; };
		CE6C4ABD16242DF000F89AB4 /* tabBar_bg__1x48.png in Resources */ = {isa = PBXBuildFile; fileRef = CE6C4ABC16242DF000F89AB4 /* tabBar_bg__1x48.png */; };
		CE6C4AC016242EA700F89AB4 /* tabBar_bg___1x48.png in Resources */ = {isa = PBXBuildFile; fileRef = CE6C4ABF16242EA700F89AB4 /* tabBar_bg___1x48.png */; };
		CE6C4AC216242FD100F89AB4 /* tabBar_bg____1x48.png in Resources */ = {isa = PBXBuildFile; fileRef = CE6C4AC116242FD100F89AB4 /* tabBar_bg____1x48.png */; };
		CE6C74B01600CD160070AF61 /* SCDateString.m in Sources */ = {isa = PBXBuildFile; fileRef = CE6C74AF1600CD160070AF61 /* SCDateString.m */; };
		CE6C9295160764AB00E78965 /* SCMovieDescriptionViewController.m in Sources */ = {isa = PBXBuildFile; fileRef = CE6C9294160764AB00E78965 /* SCMovieDescriptionViewController.m */; };
		CE6C937815F8E3F300B907CE /* SCLandingPageViewController.m in Sources */ = {isa = PBXBuildFile; fileRef = CE6C937715F8E3F300B907CE /* SCLandingPageViewController.m */; };
		CE6C9F8315FF43C400BEE44A /* CoreData.framework in Frameworks */ = {isa = PBXBuildFile; fileRef = CE6C9F8215FF43C400BEE44A /* CoreData.framework */; };
		CE6D312A1601EC3E00511AF1 /* Schedule.m in Sources */ = {isa = PBXBuildFile; fileRef = CE6D31291601EC3E00511AF1 /* Schedule.m */; };
		CE6D312F1601F24C00511AF1 /* SCConfig.m in Sources */ = {isa = PBXBuildFile; fileRef = CE6D312E1601F24C00511AF1 /* SCConfig.m */; };
		CE6E997E15FE4DAF00DBCA0D /* god80x80.jpeg in Resources */ = {isa = PBXBuildFile; fileRef = CE6E997B15FE4DAF00DBCA0D /* god80x80.jpeg */; };
		CE6E997F15FE4DAF00DBCA0D /* mib80x80.jpeg in Resources */ = {isa = PBXBuildFile; fileRef = CE6E997C15FE4DAF00DBCA0D /* mib80x80.jpeg */; };
		CE6E998015FE4DAF00DBCA0D /* movie80x80.gif in Resources */ = {isa = PBXBuildFile; fileRef = CE6E997D15FE4DAF00DBCA0D /* movie80x80.gif */; };
		CE71A51A15F75CF300FE4DC3 /* UIKit.framework in Frameworks */ = {isa = PBXBuildFile; fileRef = CE71A51915F75CF300FE4DC3 /* UIKit.framework */; };
		CE71A51C15F75CF300FE4DC3 /* Foundation.framework in Frameworks */ = {isa = PBXBuildFile; fileRef = CE71A51B15F75CF300FE4DC3 /* Foundation.framework */; };
		CE71A51E15F75CF300FE4DC3 /* CoreGraphics.framework in Frameworks */ = {isa = PBXBuildFile; fileRef = CE71A51D15F75CF300FE4DC3 /* CoreGraphics.framework */; };
		CE71A52415F75CF300FE4DC3 /* InfoPlist.strings in Resources */ = {isa = PBXBuildFile; fileRef = CE71A52215F75CF300FE4DC3 /* InfoPlist.strings */; };
		CE71A52615F75CF300FE4DC3 /* main.m in Sources */ = {isa = PBXBuildFile; fileRef = CE71A52515F75CF300FE4DC3 /* main.m */; };
		CE71A52A15F75CF300FE4DC3 /* SCAppDelegate.m in Sources */ = {isa = PBXBuildFile; fileRef = CE71A52915F75CF300FE4DC3 /* SCAppDelegate.m */; };
		CE71A52D15F75CF400FE4DC3 /* MainStoryboard.storyboard in Resources */ = {isa = PBXBuildFile; fileRef = CE71A52B15F75CF400FE4DC3 /* MainStoryboard.storyboard */; };
		CE71A53215F75CF400FE4DC3 /* first.png in Resources */ = {isa = PBXBuildFile; fileRef = CE71A53115F75CF400FE4DC3 /* first.png */; };
		CE71A53415F75CF400FE4DC3 /* first@2x.png in Resources */ = {isa = PBXBuildFile; fileRef = CE71A53315F75CF400FE4DC3 /* first@2x.png */; };
		CE71A53915F75CF400FE4DC3 /* second.png in Resources */ = {isa = PBXBuildFile; fileRef = CE71A53815F75CF400FE4DC3 /* second.png */; };
		CE71A53B15F75CF400FE4DC3 /* second@2x.png in Resources */ = {isa = PBXBuildFile; fileRef = CE71A53A15F75CF400FE4DC3 /* second@2x.png */; };
		CEB8106D15FA432400956FF7 /* SCScheduleViewController.m in Sources */ = {isa = PBXBuildFile; fileRef = CEB8106C15FA432400956FF7 /* SCScheduleViewController.m */; };
		CEB8107315FA482800956FF7 /* SCMyProgramViewController.m in Sources */ = {isa = PBXBuildFile; fileRef = CEB8107215FA482800956FF7 /* SCMyProgramViewController.m */; };
		CEB8107615FA485B00956FF7 /* SCMoviesViewController.m in Sources */ = {isa = PBXBuildFile; fileRef = CEB8107515FA485B00956FF7 /* SCMoviesViewController.m */; };
		CEB8107915FA57C300956FF7 /* SCTabBarViewController.m in Sources */ = {isa = PBXBuildFile; fileRef = CEB8107815FA57C200956FF7 /* SCTabBarViewController.m */; };
		CEB8108115FA738900956FF7 /* SCMovieCell.m in Sources */ = {isa = PBXBuildFile; fileRef = CEB8108015FA738900956FF7 /* SCMovieCell.m */; };
		CEBA611E15FF56090047DA80 /* Database.xcdatamodeld in Sources */ = {isa = PBXBuildFile; fileRef = CEBA611C15FF56090047DA80 /* Database.xcdatamodeld */; };
		CEBDF43B1605EEAB00571282 /* FavoriteButtonDelegate.m in Sources */ = {isa = PBXBuildFile; fileRef = CEBDF43A1605EEAB00571282 /* FavoriteButtonDelegate.m */; };
		CEBEC94D161EF08F0099C60D /* filmai_header_640x74.png in Resources */ = {isa = PBXBuildFile; fileRef = CEBEC940161EF08F0099C60D /* filmai_header_640x74.png */; };
		CEBEC94E161EF08F0099C60D /* footer_devider_6x130.png in Resources */ = {isa = PBXBuildFile; fileRef = CEBEC941161EF08F0099C60D /* footer_devider_6x130.png */; };
		CEBEC94F161EF08F0099C60D /* footer_filmai_209x130.png in Resources */ = {isa = PBXBuildFile; fileRef = CEBEC942161EF08F0099C60D /* footer_filmai_209x130.png */; };
		CEBEC950161EF08F0099C60D /* footer_mano_programai_209x130.png in Resources */ = {isa = PBXBuildFile; fileRef = CEBEC943161EF08F0099C60D /* footer_mano_programai_209x130.png */; };
		CEBEC951161EF08F0099C60D /* footer_repertuaras_209x130.png in Resources */ = {isa = PBXBuildFile; fileRef = CEBEC944161EF08F0099C60D /* footer_repertuaras_209x130.png */; };
		CEBEC952161EF08F0099C60D /* List_sep_640x7.png in Resources */ = {isa = PBXBuildFile; fileRef = CEBEC945161EF08F0099C60D /* List_sep_640x7.png */; };
		CEBEC953161EF08F0099C60D /* logo_378x188.png in Resources */ = {isa = PBXBuildFile; fileRef = CEBEC946161EF08F0099C60D /* logo_378x188.png */; };
		CEBEC956161EF08F0099C60D /* star_not_selected_51x49.png in Resources */ = {isa = PBXBuildFile; fileRef = CEBEC949161EF08F0099C60D /* star_not_selected_51x49.png */; };
		CEBEC957161EF08F0099C60D /* star_selected_51x49.png in Resources */ = {isa = PBXBuildFile; fileRef = CEBEC94A161EF08F0099C60D /* star_selected_51x49.png */; };
		CEBEC958161EF08F0099C60D /* time_next_33x47.png in Resources */ = {isa = PBXBuildFile; fileRef = CEBEC94B161EF08F0099C60D /* time_next_33x47.png */; };
		CEBEC959161EF08F0099C60D /* time_prev_33x47.png in Resources */ = {isa = PBXBuildFile; fileRef = CEBEC94C161EF08F0099C60D /* time_prev_33x47.png */; };
		CEBEC95B161F02380099C60D /* toolbar_320x88.png in Resources */ = {isa = PBXBuildFile; fileRef = CEBEC95A161F02380099C60D /* toolbar_320x88.png */; };
		CEC3166B160B50AD001DD984 /* SCJsonDatabase.m in Sources */ = {isa = PBXBuildFile; fileRef = CEC3166A160B50AD001DD984 /* SCJsonDatabase.m */; };
		CEC3167C160B62AD001DD984 /* aroyakaffair.jpg in Resources */ = {isa = PBXBuildFile; fileRef = CEC31671160B62AD001DD984 /* aroyakaffair.jpg */; };
		CEC3167D160B62AD001DD984 /* beauty.jpg in Resources */ = {isa = PBXBuildFile; fileRef = CEC31672160B62AD001DD984 /* beauty.jpg */; };
		CEC3167E160B62AD001DD984 /* hanussen.jpg in Resources */ = {isa = PBXBuildFile; fileRef = CEC31673160B62AD001DD984 /* hanussen.jpg */; };
		CEC3167F160B62AD001DD984 /* mephisto.jpg in Resources */ = {isa = PBXBuildFile; fileRef = CEC31674160B62AD001DD984 /* mephisto.jpg */; };
		CEC31680160B62AD001DD984 /* shameless.jpg in Resources */ = {isa = PBXBuildFile; fileRef = CEC31675160B62AD001DD984 /* shameless.jpg */; };
		CEC31681160B62AD001DD984 /* shemailsnails.jpg in Resources */ = {isa = PBXBuildFile; fileRef = CEC31676160B62AD001DD984 /* shemailsnails.jpg */; };
		CEC31682160B62AD001DD984 /* thelegentofkasparhauser.jpg in Resources */ = {isa = PBXBuildFile; fileRef = CEC31677160B62AD001DD984 /* thelegentofkasparhauser.jpg */; };
		CEC31683160B62AD001DD984 /* theriverusedtobeaman.jpg in Resources */ = {isa = PBXBuildFile; fileRef = CEC31678160B62AD001DD984 /* theriverusedtobeaman.jpg */; };
		CEC31684160B62AD001DD984 /* timeofmelife.jpg in Resources */ = {isa = PBXBuildFile; fileRef = CEC31679160B62AD001DD984 /* timeofmelife.jpg */; };
		CEC31685160B62AD001DD984 /* undersnow.jpg in Resources */ = {isa = PBXBuildFile; fileRef = CEC3167A160B62AD001DD984 /* undersnow.jpg */; };
		CEC31686160B62AD001DD984 /* weekend.jpg in Resources */ = {isa = PBXBuildFile; fileRef = CEC3167B160B62AD001DD984 /* weekend.jpg */; };
		CEC3168B160B62F8001DD984 /* aroyakaffair_thumb.jpg in Resources */ = {isa = PBXBuildFile; fileRef = CEC31687160B62F8001DD984 /* aroyakaffair_thumb.jpg */; };
		CEC3168C160B62F8001DD984 /* beauty_thumb.jpg in Resources */ = {isa = PBXBuildFile; fileRef = CEC31688160B62F8001DD984 /* beauty_thumb.jpg */; };
		CEC3168D160B62F8001DD984 /* hanussen_thumb.jpg in Resources */ = {isa = PBXBuildFile; fileRef = CEC31689160B62F8001DD984 /* hanussen_thumb.jpg */; };
		CEC3168E160B62F8001DD984 /* mephisto_thumb.jpg in Resources */ = {isa = PBXBuildFile; fileRef = CEC3168A160B62F8001DD984 /* mephisto_thumb.jpg */; };
		CEC31696160B633F001DD984 /* shameless_thumb.jpg in Resources */ = {isa = PBXBuildFile; fileRef = CEC3168F160B633F001DD984 /* shameless_thumb.jpg */; };
		CEC31697160B633F001DD984 /* shemailsnails_thumb.jpg in Resources */ = {isa = PBXBuildFile; fileRef = CEC31690160B633F001DD984 /* shemailsnails_thumb.jpg */; };
		CEC31698160B633F001DD984 /* thelegentofkasparhauser_thumb.jpg in Resources */ = {isa = PBXBuildFile; fileRef = CEC31691160B633F001DD984 /* thelegentofkasparhauser_thumb.jpg */; };
		CEC31699160B633F001DD984 /* theriverusedtobeaman_thumb.jpg in Resources */ = {isa = PBXBuildFile; fileRef = CEC31692160B633F001DD984 /* theriverusedtobeaman_thumb.jpg */; };
		CEC3169A160B633F001DD984 /* timeofmelife_thumb.jpg in Resources */ = {isa = PBXBuildFile; fileRef = CEC31693160B633F001DD984 /* timeofmelife_thumb.jpg */; };
		CEC3169B160B633F001DD984 /* undersnow_thumb.jpg in Resources */ = {isa = PBXBuildFile; fileRef = CEC31694160B633F001DD984 /* undersnow_thumb.jpg */; };
		CEC3169C160B633F001DD984 /* weekend_thumb.jpg in Resources */ = {isa = PBXBuildFile; fileRef = CEC31695160B633F001DD984 /* weekend_thumb.jpg */; };
		CED127DB160CB3B1006F3EF8 /* schedule.json in Resources */ = {isa = PBXBuildFile; fileRef = CED127DA160CB3B0006F3EF8 /* schedule.json */; };
		CED127E1160CB5AC006F3EF8 /* movies.json in Resources */ = {isa = PBXBuildFile; fileRef = CED127E0160CB5AC006F3EF8 /* movies.json */; };
		CED335D21622CBEE00D704A6 /* SCCustomToolbar.m in Sources */ = {isa = PBXBuildFile; fileRef = CED335D11622CBEE00D704A6 /* SCCustomToolbar.m */; };
		CED335E41622F75400D704A6 /* list_empty.png in Resources */ = {isa = PBXBuildFile; fileRef = CED335DE1622F75200D704A6 /* list_empty.png */; };
		CED335E51622F75400D704A6 /* list_empty@2x.png in Resources */ = {isa = PBXBuildFile; fileRef = CED335DF1622F75200D704A6 /* list_empty@2x.png */; };
		CED335E61622F75400D704A6 /* movies_empty.png in Resources */ = {isa = PBXBuildFile; fileRef = CED335E01622F75200D704A6 /* movies_empty.png */; };
		CED335E71622F75400D704A6 /* movies_empty@2x.png in Resources */ = {isa = PBXBuildFile; fileRef = CED335E11622F75300D704A6 /* movies_empty@2x.png */; };
		CED335E81622F75400D704A6 /* star_empty.png in Resources */ = {isa = PBXBuildFile; fileRef = CED335E21622F75300D704A6 /* star_empty.png */; };
		CED335E91622F75400D704A6 /* star_empty@2x.png in Resources */ = {isa = PBXBuildFile; fileRef = CED335E31622F75400D704A6 /* star_empty@2x.png */; };
		CED335EB1622FA1900D704A6 /* tabBar_bg_1x48.png in Resources */ = {isa = PBXBuildFile; fileRef = CED335EA1622FA1900D704A6 /* tabBar_bg_1x48.png */; };
		CED4CA0A1615B9E600AF88B2 /* Star-256.png in Resources */ = {isa = PBXBuildFile; fileRef = CED4CA001615B9E600AF88B2 /* Star-256.png */; };
		CED4CA0B1615B9E600AF88B2 /* Star-empty-256.png in Resources */ = {isa = PBXBuildFile; fileRef = CED4CA011615B9E600AF88B2 /* Star-empty-256.png */; };
		CED4CA0C1615B9E600AF88B2 /* 28-star.png in Resources */ = {isa = PBXBuildFile; fileRef = CED4CA031615B9E600AF88B2 /* 28-star.png */; };
		CED4CA0D1615B9E600AF88B2 /* 46-movie.png in Resources */ = {isa = PBXBuildFile; fileRef = CED4CA041615B9E600AF88B2 /* 46-movie.png */; };
		CED4CA0E1615B9E600AF88B2 /* light_list.png in Resources */ = {isa = PBXBuildFile; fileRef = CED4CA051615B9E600AF88B2 /* light_list.png */; };
		CED4CA0F1615B9E600AF88B2 /* light_star.png in Resources */ = {isa = PBXBuildFile; fileRef = CED4CA061615B9E600AF88B2 /* light_star.png */; };
		CED4CA101615B9E600AF88B2 /* star.png in Resources */ = {isa = PBXBuildFile; fileRef = CED4CA071615B9E600AF88B2 /* star.png */; };
		CED4CA111615B9E600AF88B2 /* star@2x.png in Resources */ = {isa = PBXBuildFile; fileRef = CED4CA081615B9E600AF88B2 /* star@2x.png */; };
		CED4CA121615B9E600AF88B2 /* star_30_30.png in Resources */ = {isa = PBXBuildFile; fileRef = CED4CA091615B9E600AF88B2 /* star_30_30.png */; };
/* End PBXBuildFile section */

/* Begin PBXFileReference section */
		CE00F3691600D6A30084C702 /* SCDate.h */ = {isa = PBXFileReference; fileEncoding = 4; lastKnownFileType = sourcecode.c.h; path = SCDate.h; sourceTree = "<group>"; };
		CE00F36A1600D6A30084C702 /* SCDate.m */ = {isa = PBXFileReference; fileEncoding = 4; lastKnownFileType = sourcecode.c.objc; path = SCDate.m; sourceTree = "<group>"; };
		CE683447161B48B300F8F0E7 /* SCErrors.h */ = {isa = PBXFileReference; fileEncoding = 4; lastKnownFileType = sourcecode.c.h; name = SCErrors.h; path = ../SCErrors.h; sourceTree = "<group>"; };
		CE683448161B48B300F8F0E7 /* SCErrors.m */ = {isa = PBXFileReference; fileEncoding = 4; lastKnownFileType = sourcecode.c.objc; name = SCErrors.m; path = ../SCErrors.m; sourceTree = "<group>"; };
		CE69AE20161A167A00C07A37 /* FacebookSDK.framework */ = {isa = PBXFileReference; lastKnownFileType = wrapper.framework; name = FacebookSDK.framework; path = ../../../Documents/FacebookSDK/FacebookSDK.framework; sourceTree = "<group>"; };
		CE69AE23161A168D00C07A37 /* FacebookSDKResources.bundle */ = {isa = PBXFileReference; lastKnownFileType = "wrapper.plug-in"; name = FacebookSDKResources.bundle; path = ../../../Documents/FacebookSDK/FacebookSDK.framework/Versions/A/Resources/FacebookSDKResources.bundle; sourceTree = "<group>"; };
		CE69AE25161A169C00C07A37 /* Accounts.framework */ = {isa = PBXFileReference; lastKnownFileType = wrapper.framework; name = Accounts.framework; path = System/Library/Frameworks/Accounts.framework; sourceTree = SDKROOT; };
		CE6C2C60160103B80087CED3 /* SCDateNavigator.h */ = {isa = PBXFileReference; fileEncoding = 4; lastKnownFileType = sourcecode.c.h; path = SCDateNavigator.h; sourceTree = "<group>"; };
		CE6C2C61160103B80087CED3 /* SCDateNavigator.m */ = {isa = PBXFileReference; fileEncoding = 4; lastKnownFileType = sourcecode.c.objc; path = SCDateNavigator.m; sourceTree = "<group>"; };
		CE6C40801619B2DC005FB90E /* Movies.h */ = {isa = PBXFileReference; fileEncoding = 4; lastKnownFileType = sourcecode.c.h; path = Movies.h; sourceTree = "<group>"; };
		CE6C40811619B2DC005FB90E /* Movies.m */ = {isa = PBXFileReference; fileEncoding = 4; lastKnownFileType = sourcecode.c.objc; path = Movies.m; sourceTree = "<group>"; };
		CE6C40C31619C198005FB90E /* SCDirectorViewController.h */ = {isa = PBXFileReference; fileEncoding = 4; lastKnownFileType = sourcecode.c.h; path = SCDirectorViewController.h; sourceTree = "<group>"; };
		CE6C40C41619C198005FB90E /* SCDirectorViewController.m */ = {isa = PBXFileReference; fileEncoding = 4; lastKnownFileType = sourcecode.c.objc; path = SCDirectorViewController.m; sourceTree = "<group>"; };
		CE6C4ABC16242DF000F89AB4 /* tabBar_bg__1x48.png */ = {isa = PBXFileReference; lastKnownFileType = image.png; path = tabBar_bg__1x48.png; sourceTree = "<group>"; };
		CE6C4ABF16242EA700F89AB4 /* tabBar_bg___1x48.png */ = {isa = PBXFileReference; lastKnownFileType = image.png; path = "tabBar_bg___1x48.png"; sourceTree = "<group>"; };
		CE6C4AC116242FD100F89AB4 /* tabBar_bg____1x48.png */ = {isa = PBXFileReference; lastKnownFileType = image.png; path = "tabBar_bg____1x48.png"; sourceTree = "<group>"; };
		CE6C74AE1600CD160070AF61 /* SCDateString.h */ = {isa = PBXFileReference; fileEncoding = 4; lastKnownFileType = sourcecode.c.h; path = SCDateString.h; sourceTree = "<group>"; };
		CE6C74AF1600CD160070AF61 /* SCDateString.m */ = {isa = PBXFileReference; fileEncoding = 4; lastKnownFileType = sourcecode.c.objc; path = SCDateString.m; sourceTree = "<group>"; };
		CE6C9293160764AB00E78965 /* SCMovieDescriptionViewController.h */ = {isa = PBXFileReference; fileEncoding = 4; lastKnownFileType = sourcecode.c.h; path = SCMovieDescriptionViewController.h; sourceTree = "<group>"; };
		CE6C9294160764AB00E78965 /* SCMovieDescriptionViewController.m */ = {isa = PBXFileReference; fileEncoding = 4; lastKnownFileType = sourcecode.c.objc; path = SCMovieDescriptionViewController.m; sourceTree = "<group>"; };
		CE6C937615F8E3F300B907CE /* SCLandingPageViewController.h */ = {isa = PBXFileReference; fileEncoding = 4; lastKnownFileType = sourcecode.c.h; path = SCLandingPageViewController.h; sourceTree = "<group>"; };
		CE6C937715F8E3F300B907CE /* SCLandingPageViewController.m */ = {isa = PBXFileReference; fileEncoding = 4; lastKnownFileType = sourcecode.c.objc; path = SCLandingPageViewController.m; sourceTree = "<group>"; };
		CE6C9F8215FF43C400BEE44A /* CoreData.framework */ = {isa = PBXFileReference; lastKnownFileType = wrapper.framework; name = CoreData.framework; path = System/Library/Frameworks/CoreData.framework; sourceTree = SDKROOT; };
		CE6D31281601EC3E00511AF1 /* Schedule.h */ = {isa = PBXFileReference; fileEncoding = 4; lastKnownFileType = sourcecode.c.h; path = Schedule.h; sourceTree = "<group>"; };
		CE6D31291601EC3E00511AF1 /* Schedule.m */ = {isa = PBXFileReference; fileEncoding = 4; lastKnownFileType = sourcecode.c.objc; path = Schedule.m; sourceTree = "<group>"; };
		CE6D312D1601F24C00511AF1 /* SCConfig.h */ = {isa = PBXFileReference; fileEncoding = 4; lastKnownFileType = sourcecode.c.h; path = SCConfig.h; sourceTree = "<group>"; };
		CE6D312E1601F24C00511AF1 /* SCConfig.m */ = {isa = PBXFileReference; fileEncoding = 4; lastKnownFileType = sourcecode.c.objc; path = SCConfig.m; sourceTree = "<group>"; };
		CE6E997B15FE4DAF00DBCA0D /* god80x80.jpeg */ = {isa = PBXFileReference; lastKnownFileType = image.jpeg; name = god80x80.jpeg; path = assets/Movies/Thumbs/god80x80.jpeg; sourceTree = "<group>"; };
		CE6E997C15FE4DAF00DBCA0D /* mib80x80.jpeg */ = {isa = PBXFileReference; lastKnownFileType = image.jpeg; name = mib80x80.jpeg; path = assets/Movies/Thumbs/mib80x80.jpeg; sourceTree = "<group>"; };
		CE6E997D15FE4DAF00DBCA0D /* movie80x80.gif */ = {isa = PBXFileReference; lastKnownFileType = image.gif; name = movie80x80.gif; path = assets/Movies/Thumbs/movie80x80.gif; sourceTree = "<group>"; };
		CE71A51515F75CF300FE4DC3 /* scanorama.app */ = {isa = PBXFileReference; explicitFileType = wrapper.application; includeInIndex = 0; path = scanorama.app; sourceTree = BUILT_PRODUCTS_DIR; };
		CE71A51915F75CF300FE4DC3 /* UIKit.framework */ = {isa = PBXFileReference; lastKnownFileType = wrapper.framework; name = UIKit.framework; path = System/Library/Frameworks/UIKit.framework; sourceTree = SDKROOT; };
		CE71A51B15F75CF300FE4DC3 /* Foundation.framework */ = {isa = PBXFileReference; lastKnownFileType = wrapper.framework; name = Foundation.framework; path = System/Library/Frameworks/Foundation.framework; sourceTree = SDKROOT; };
		CE71A51D15F75CF300FE4DC3 /* CoreGraphics.framework */ = {isa = PBXFileReference; lastKnownFileType = wrapper.framework; name = CoreGraphics.framework; path = System/Library/Frameworks/CoreGraphics.framework; sourceTree = SDKROOT; };
		CE71A52115F75CF300FE4DC3 /* scanorama-Info.plist */ = {isa = PBXFileReference; lastKnownFileType = text.plist.xml; path = "scanorama-Info.plist"; sourceTree = "<group>"; };
		CE71A52315F75CF300FE4DC3 /* en */ = {isa = PBXFileReference; lastKnownFileType = text.plist.strings; name = en; path = en.lproj/InfoPlist.strings; sourceTree = "<group>"; };
		CE71A52515F75CF300FE4DC3 /* main.m */ = {isa = PBXFileReference; lastKnownFileType = sourcecode.c.objc; path = main.m; sourceTree = "<group>"; };
		CE71A52715F75CF300FE4DC3 /* scanorama-Prefix.pch */ = {isa = PBXFileReference; lastKnownFileType = sourcecode.c.h; path = "scanorama-Prefix.pch"; sourceTree = "<group>"; };
		CE71A52815F75CF300FE4DC3 /* SCAppDelegate.h */ = {isa = PBXFileReference; lastKnownFileType = sourcecode.c.h; path = SCAppDelegate.h; sourceTree = "<group>"; };
		CE71A52915F75CF300FE4DC3 /* SCAppDelegate.m */ = {isa = PBXFileReference; lastKnownFileType = sourcecode.c.objc; path = SCAppDelegate.m; sourceTree = "<group>"; };
		CE71A52C15F75CF400FE4DC3 /* en */ = {isa = PBXFileReference; lastKnownFileType = file.storyboard; name = en; path = en.lproj/MainStoryboard.storyboard; sourceTree = "<group>"; };
		CE71A53115F75CF400FE4DC3 /* first.png */ = {isa = PBXFileReference; lastKnownFileType = image.png; path = first.png; sourceTree = "<group>"; };
		CE71A53315F75CF400FE4DC3 /* first@2x.png */ = {isa = PBXFileReference; lastKnownFileType = image.png; path = "first@2x.png"; sourceTree = "<group>"; };
		CE71A53815F75CF400FE4DC3 /* second.png */ = {isa = PBXFileReference; lastKnownFileType = image.png; path = second.png; sourceTree = "<group>"; };
		CE71A53A15F75CF400FE4DC3 /* second@2x.png */ = {isa = PBXFileReference; lastKnownFileType = image.png; path = "second@2x.png"; sourceTree = "<group>"; };
		CEB8106B15FA432400956FF7 /* SCScheduleViewController.h */ = {isa = PBXFileReference; fileEncoding = 4; lastKnownFileType = sourcecode.c.h; path = SCScheduleViewController.h; sourceTree = "<group>"; };
		CEB8106C15FA432400956FF7 /* SCScheduleViewController.m */ = {isa = PBXFileReference; fileEncoding = 4; lastKnownFileType = sourcecode.c.objc; path = SCScheduleViewController.m; sourceTree = "<group>"; };
		CEB8107115FA482800956FF7 /* SCMyProgramViewController.h */ = {isa = PBXFileReference; fileEncoding = 4; lastKnownFileType = sourcecode.c.h; path = SCMyProgramViewController.h; sourceTree = "<group>"; };
		CEB8107215FA482800956FF7 /* SCMyProgramViewController.m */ = {isa = PBXFileReference; fileEncoding = 4; lastKnownFileType = sourcecode.c.objc; path = SCMyProgramViewController.m; sourceTree = "<group>"; };
		CEB8107415FA485B00956FF7 /* SCMoviesViewController.h */ = {isa = PBXFileReference; fileEncoding = 4; lastKnownFileType = sourcecode.c.h; path = SCMoviesViewController.h; sourceTree = "<group>"; };
		CEB8107515FA485B00956FF7 /* SCMoviesViewController.m */ = {isa = PBXFileReference; fileEncoding = 4; lastKnownFileType = sourcecode.c.objc; path = SCMoviesViewController.m; sourceTree = "<group>"; };
		CEB8107715FA57C200956FF7 /* SCTabBarViewController.h */ = {isa = PBXFileReference; fileEncoding = 4; lastKnownFileType = sourcecode.c.h; path = SCTabBarViewController.h; sourceTree = "<group>"; };
		CEB8107815FA57C200956FF7 /* SCTabBarViewController.m */ = {isa = PBXFileReference; fileEncoding = 4; lastKnownFileType = sourcecode.c.objc; path = SCTabBarViewController.m; sourceTree = "<group>"; };
		CEB8107F15FA738900956FF7 /* SCMovieCell.h */ = {isa = PBXFileReference; fileEncoding = 4; lastKnownFileType = sourcecode.c.h; path = SCMovieCell.h; sourceTree = "<group>"; };
		CEB8108015FA738900956FF7 /* SCMovieCell.m */ = {isa = PBXFileReference; fileEncoding = 4; lastKnownFileType = sourcecode.c.objc; path = SCMovieCell.m; sourceTree = "<group>"; };
		CEBA611D15FF56090047DA80 /* Database.xcdatamodel */ = {isa = PBXFileReference; lastKnownFileType = wrapper.xcdatamodel; path = Database.xcdatamodel; sourceTree = "<group>"; };
		CEBDF4391605EEAB00571282 /* FavoriteButtonDelegate.h */ = {isa = PBXFileReference; fileEncoding = 4; lastKnownFileType = sourcecode.c.h; path = FavoriteButtonDelegate.h; sourceTree = "<group>"; };
		CEBDF43A1605EEAB00571282 /* FavoriteButtonDelegate.m */ = {isa = PBXFileReference; fileEncoding = 4; lastKnownFileType = sourcecode.c.objc; path = FavoriteButtonDelegate.m; sourceTree = "<group>"; };
		CEBEC940161EF08F0099C60D /* filmai_header_640x74.png */ = {isa = PBXFileReference; lastKnownFileType = image.png; path = filmai_header_640x74.png; sourceTree = "<group>"; };
		CEBEC941161EF08F0099C60D /* footer_devider_6x130.png */ = {isa = PBXFileReference; lastKnownFileType = image.png; path = footer_devider_6x130.png; sourceTree = "<group>"; };
		CEBEC942161EF08F0099C60D /* footer_filmai_209x130.png */ = {isa = PBXFileReference; lastKnownFileType = image.png; path = footer_filmai_209x130.png; sourceTree = "<group>"; };
		CEBEC943161EF08F0099C60D /* footer_mano_programai_209x130.png */ = {isa = PBXFileReference; lastKnownFileType = image.png; path = footer_mano_programai_209x130.png; sourceTree = "<group>"; };
		CEBEC944161EF08F0099C60D /* footer_repertuaras_209x130.png */ = {isa = PBXFileReference; lastKnownFileType = image.png; path = footer_repertuaras_209x130.png; sourceTree = "<group>"; };
		CEBEC945161EF08F0099C60D /* List_sep_640x7.png */ = {isa = PBXFileReference; lastKnownFileType = image.png; path = List_sep_640x7.png; sourceTree = "<group>"; };
		CEBEC946161EF08F0099C60D /* logo_378x188.png */ = {isa = PBXFileReference; lastKnownFileType = image.png; path = logo_378x188.png; sourceTree = "<group>"; };
		CEBEC949161EF08F0099C60D /* star_not_selected_51x49.png */ = {isa = PBXFileReference; lastKnownFileType = image.png; path = star_not_selected_51x49.png; sourceTree = "<group>"; };
		CEBEC94A161EF08F0099C60D /* star_selected_51x49.png */ = {isa = PBXFileReference; lastKnownFileType = image.png; path = star_selected_51x49.png; sourceTree = "<group>"; };
		CEBEC94B161EF08F0099C60D /* time_next_33x47.png */ = {isa = PBXFileReference; lastKnownFileType = image.png; path = time_next_33x47.png; sourceTree = "<group>"; };
		CEBEC94C161EF08F0099C60D /* time_prev_33x47.png */ = {isa = PBXFileReference; lastKnownFileType = image.png; path = time_prev_33x47.png; sourceTree = "<group>"; };
		CEBEC95A161F02380099C60D /* toolbar_320x88.png */ = {isa = PBXFileReference; lastKnownFileType = image.png; path = toolbar_320x88.png; sourceTree = "<group>"; };
		CEC31669160B50AD001DD984 /* SCJsonDatabase.h */ = {isa = PBXFileReference; fileEncoding = 4; lastKnownFileType = sourcecode.c.h; path = SCJsonDatabase.h; sourceTree = "<group>"; };
		CEC3166A160B50AD001DD984 /* SCJsonDatabase.m */ = {isa = PBXFileReference; fileEncoding = 4; lastKnownFileType = sourcecode.c.objc; path = SCJsonDatabase.m; sourceTree = "<group>"; };
		CEC31671160B62AD001DD984 /* aroyakaffair.jpg */ = {isa = PBXFileReference; lastKnownFileType = image.jpeg; path = aroyakaffair.jpg; sourceTree = "<group>"; };
		CEC31672160B62AD001DD984 /* beauty.jpg */ = {isa = PBXFileReference; lastKnownFileType = image.jpeg; path = beauty.jpg; sourceTree = "<group>"; };
		CEC31673160B62AD001DD984 /* hanussen.jpg */ = {isa = PBXFileReference; lastKnownFileType = image.jpeg; path = hanussen.jpg; sourceTree = "<group>"; };
		CEC31674160B62AD001DD984 /* mephisto.jpg */ = {isa = PBXFileReference; lastKnownFileType = image.jpeg; path = mephisto.jpg; sourceTree = "<group>"; };
		CEC31675160B62AD001DD984 /* shameless.jpg */ = {isa = PBXFileReference; lastKnownFileType = image.jpeg; path = shameless.jpg; sourceTree = "<group>"; };
		CEC31676160B62AD001DD984 /* shemailsnails.jpg */ = {isa = PBXFileReference; lastKnownFileType = image.jpeg; path = shemailsnails.jpg; sourceTree = "<group>"; };
		CEC31677160B62AD001DD984 /* thelegentofkasparhauser.jpg */ = {isa = PBXFileReference; lastKnownFileType = image.jpeg; path = thelegentofkasparhauser.jpg; sourceTree = "<group>"; };
		CEC31678160B62AD001DD984 /* theriverusedtobeaman.jpg */ = {isa = PBXFileReference; lastKnownFileType = image.jpeg; path = theriverusedtobeaman.jpg; sourceTree = "<group>"; };
		CEC31679160B62AD001DD984 /* timeofmelife.jpg */ = {isa = PBXFileReference; lastKnownFileType = image.jpeg; path = timeofmelife.jpg; sourceTree = "<group>"; };
		CEC3167A160B62AD001DD984 /* undersnow.jpg */ = {isa = PBXFileReference; lastKnownFileType = image.jpeg; path = undersnow.jpg; sourceTree = "<group>"; };
		CEC3167B160B62AD001DD984 /* weekend.jpg */ = {isa = PBXFileReference; lastKnownFileType = image.jpeg; path = weekend.jpg; sourceTree = "<group>"; };
		CEC31687160B62F8001DD984 /* aroyakaffair_thumb.jpg */ = {isa = PBXFileReference; lastKnownFileType = image.jpeg; path = aroyakaffair_thumb.jpg; sourceTree = "<group>"; };
		CEC31688160B62F8001DD984 /* beauty_thumb.jpg */ = {isa = PBXFileReference; lastKnownFileType = image.jpeg; path = beauty_thumb.jpg; sourceTree = "<group>"; };
		CEC31689160B62F8001DD984 /* hanussen_thumb.jpg */ = {isa = PBXFileReference; lastKnownFileType = image.jpeg; path = hanussen_thumb.jpg; sourceTree = "<group>"; };
		CEC3168A160B62F8001DD984 /* mephisto_thumb.jpg */ = {isa = PBXFileReference; lastKnownFileType = image.jpeg; path = mephisto_thumb.jpg; sourceTree = "<group>"; };
		CEC3168F160B633F001DD984 /* shameless_thumb.jpg */ = {isa = PBXFileReference; lastKnownFileType = image.jpeg; path = shameless_thumb.jpg; sourceTree = "<group>"; };
		CEC31690160B633F001DD984 /* shemailsnails_thumb.jpg */ = {isa = PBXFileReference; lastKnownFileType = image.jpeg; path = shemailsnails_thumb.jpg; sourceTree = "<group>"; };
		CEC31691160B633F001DD984 /* thelegentofkasparhauser_thumb.jpg */ = {isa = PBXFileReference; lastKnownFileType = image.jpeg; path = thelegentofkasparhauser_thumb.jpg; sourceTree = "<group>"; };
		CEC31692160B633F001DD984 /* theriverusedtobeaman_thumb.jpg */ = {isa = PBXFileReference; lastKnownFileType = image.jpeg; path = theriverusedtobeaman_thumb.jpg; sourceTree = "<group>"; };
		CEC31693160B633F001DD984 /* timeofmelife_thumb.jpg */ = {isa = PBXFileReference; lastKnownFileType = image.jpeg; path = timeofmelife_thumb.jpg; sourceTree = "<group>"; };
		CEC31694160B633F001DD984 /* undersnow_thumb.jpg */ = {isa = PBXFileReference; lastKnownFileType = image.jpeg; path = undersnow_thumb.jpg; sourceTree = "<group>"; };
		CEC31695160B633F001DD984 /* weekend_thumb.jpg */ = {isa = PBXFileReference; lastKnownFileType = image.jpeg; path = weekend_thumb.jpg; sourceTree = "<group>"; };
		CED127DA160CB3B0006F3EF8 /* schedule.json */ = {isa = PBXFileReference; fileEncoding = 4; lastKnownFileType = text.json; path = schedule.json; sourceTree = "<group>"; };
		CED127E0160CB5AC006F3EF8 /* movies.json */ = {isa = PBXFileReference; fileEncoding = 4; lastKnownFileType = text.json; path = movies.json; sourceTree = "<group>"; };
		CED335D01622CBEE00D704A6 /* SCCustomToolbar.h */ = {isa = PBXFileReference; fileEncoding = 4; lastKnownFileType = sourcecode.c.h; path = SCCustomToolbar.h; sourceTree = "<group>"; };
		CED335D11622CBEE00D704A6 /* SCCustomToolbar.m */ = {isa = PBXFileReference; fileEncoding = 4; lastKnownFileType = sourcecode.c.objc; path = SCCustomToolbar.m; sourceTree = "<group>"; };
		CED335DE1622F75200D704A6 /* list_empty.png */ = {isa = PBXFileReference; lastKnownFileType = image.png; path = list_empty.png; sourceTree = "<group>"; };
		CED335DF1622F75200D704A6 /* list_empty@2x.png */ = {isa = PBXFileReference; lastKnownFileType = image.png; path = "list_empty@2x.png"; sourceTree = "<group>"; };
		CED335E01622F75200D704A6 /* movies_empty.png */ = {isa = PBXFileReference; lastKnownFileType = image.png; path = movies_empty.png; sourceTree = "<group>"; };
		CED335E11622F75300D704A6 /* movies_empty@2x.png */ = {isa = PBXFileReference; lastKnownFileType = image.png; path = "movies_empty@2x.png"; sourceTree = "<group>"; };
		CED335E21622F75300D704A6 /* star_empty.png */ = {isa = PBXFileReference; lastKnownFileType = image.png; path = star_empty.png; sourceTree = "<group>"; };
		CED335E31622F75400D704A6 /* star_empty@2x.png */ = {isa = PBXFileReference; lastKnownFileType = image.png; path = "star_empty@2x.png"; sourceTree = "<group>"; };
		CED335EA1622FA1900D704A6 /* tabBar_bg_1x48.png */ = {isa = PBXFileReference; lastKnownFileType = image.png; path = tabBar_bg_1x48.png; sourceTree = "<group>"; };
		CED4CA001615B9E600AF88B2 /* Star-256.png */ = {isa = PBXFileReference; lastKnownFileType = image.png; path = "Star-256.png"; sourceTree = "<group>"; };
		CED4CA011615B9E600AF88B2 /* Star-empty-256.png */ = {isa = PBXFileReference; lastKnownFileType = image.png; path = "Star-empty-256.png"; sourceTree = "<group>"; };
		CED4CA031615B9E600AF88B2 /* 28-star.png */ = {isa = PBXFileReference; lastKnownFileType = image.png; path = "28-star.png"; sourceTree = "<group>"; };
		CED4CA041615B9E600AF88B2 /* 46-movie.png */ = {isa = PBXFileReference; lastKnownFileType = image.png; path = "46-movie.png"; sourceTree = "<group>"; };
		CED4CA051615B9E600AF88B2 /* light_list.png */ = {isa = PBXFileReference; lastKnownFileType = image.png; path = light_list.png; sourceTree = "<group>"; };
		CED4CA061615B9E600AF88B2 /* light_star.png */ = {isa = PBXFileReference; lastKnownFileType = image.png; path = light_star.png; sourceTree = "<group>"; };
		CED4CA071615B9E600AF88B2 /* star.png */ = {isa = PBXFileReference; lastKnownFileType = image.png; path = star.png; sourceTree = "<group>"; };
		CED4CA081615B9E600AF88B2 /* star@2x.png */ = {isa = PBXFileReference; lastKnownFileType = image.png; path = "star@2x.png"; sourceTree = "<group>"; };
		CED4CA091615B9E600AF88B2 /* star_30_30.png */ = {isa = PBXFileReference; lastKnownFileType = image.png; path = star_30_30.png; sourceTree = "<group>"; };
/* End PBXFileReference section */

/* Begin PBXFrameworksBuildPhase section */
		CE71A51215F75CF300FE4DC3 /* Frameworks */ = {
			isa = PBXFrameworksBuildPhase;
			buildActionMask = 2147483647;
			files = (
				CE69AE26161A169C00C07A37 /* Accounts.framework in Frameworks */,
				CE6C9F8315FF43C400BEE44A /* CoreData.framework in Frameworks */,
				CE71A51A15F75CF300FE4DC3 /* UIKit.framework in Frameworks */,
				CE71A51C15F75CF300FE4DC3 /* Foundation.framework in Frameworks */,
				CE71A51E15F75CF300FE4DC3 /* CoreGraphics.framework in Frameworks */,
				CE69AE21161A167A00C07A37 /* FacebookSDK.framework in Frameworks */,
			);
			runOnlyForDeploymentPostprocessing = 0;
		};
/* End PBXFrameworksBuildPhase section */

/* Begin PBXGroup section */
		CE6C9F4715FF3C2400BEE44A /* CoreData */ = {
			isa = PBXGroup;
			children = (
				CED127E0160CB5AC006F3EF8 /* movies.json */,
				CED127DA160CB3B0006F3EF8 /* schedule.json */,
				CEC31669160B50AD001DD984 /* SCJsonDatabase.h */,
				CEC3166A160B50AD001DD984 /* SCJsonDatabase.m */,
				CE6C40801619B2DC005FB90E /* Movies.h */,
				CE6C40811619B2DC005FB90E /* Movies.m */,
				CEBA611C15FF56090047DA80 /* Database.xcdatamodeld */,
				CE6D31281601EC3E00511AF1 /* Schedule.h */,
				CE6D31291601EC3E00511AF1 /* Schedule.m */,
			);
			name = CoreData;
			sourceTree = "<group>";
		};
		CE6D312C1601F22C00511AF1 /* Utility */ = {
			isa = PBXGroup;
			children = (
				CE6D312D1601F24C00511AF1 /* SCConfig.h */,
				CE6D312E1601F24C00511AF1 /* SCConfig.m */,
			);
			name = Utility;
			sourceTree = "<group>";
		};
		CE6E997115FE33B200DBCA0D /* Models */ = {
			isa = PBXGroup;
			children = (
				CE6C74AE1600CD160070AF61 /* SCDateString.h */,
				CE6C74AF1600CD160070AF61 /* SCDateString.m */,
				CE00F3691600D6A30084C702 /* SCDate.h */,
				CE00F36A1600D6A30084C702 /* SCDate.m */,
			);
			name = Models;
			sourceTree = "<group>";
		};
		CE6E997915FE4C2C00DBCA0D /* Movies */ = {
			isa = PBXGroup;
			children = (
				CEC31671160B62AD001DD984 /* aroyakaffair.jpg */,
				CEC31672160B62AD001DD984 /* beauty.jpg */,
				CEC31673160B62AD001DD984 /* hanussen.jpg */,
				CEC31674160B62AD001DD984 /* mephisto.jpg */,
				CEC31675160B62AD001DD984 /* shameless.jpg */,
				CEC31676160B62AD001DD984 /* shemailsnails.jpg */,
				CEC31677160B62AD001DD984 /* thelegentofkasparhauser.jpg */,
				CEC31678160B62AD001DD984 /* theriverusedtobeaman.jpg */,
				CEC31679160B62AD001DD984 /* timeofmelife.jpg */,
				CEC3167A160B62AD001DD984 /* undersnow.jpg */,
				CEC3167B160B62AD001DD984 /* weekend.jpg */,
				CE6E997A15FE4C3700DBCA0D /* Thumbs */,
			);
			name = Movies;
			sourceTree = "<group>";
		};
		CE6E997A15FE4C3700DBCA0D /* Thumbs */ = {
			isa = PBXGroup;
			children = (
				CEC3168F160B633F001DD984 /* shameless_thumb.jpg */,
				CEC31690160B633F001DD984 /* shemailsnails_thumb.jpg */,
				CEC31691160B633F001DD984 /* thelegentofkasparhauser_thumb.jpg */,
				CEC31692160B633F001DD984 /* theriverusedtobeaman_thumb.jpg */,
				CEC31693160B633F001DD984 /* timeofmelife_thumb.jpg */,
				CEC31694160B633F001DD984 /* undersnow_thumb.jpg */,
				CEC31695160B633F001DD984 /* weekend_thumb.jpg */,
				CEC31687160B62F8001DD984 /* aroyakaffair_thumb.jpg */,
				CEC31688160B62F8001DD984 /* beauty_thumb.jpg */,
				CEC31689160B62F8001DD984 /* hanussen_thumb.jpg */,
				CEC3168A160B62F8001DD984 /* mephisto_thumb.jpg */,
				CE6E997B15FE4DAF00DBCA0D /* god80x80.jpeg */,
				CE6E997C15FE4DAF00DBCA0D /* mib80x80.jpeg */,
				CE6E997D15FE4DAF00DBCA0D /* movie80x80.gif */,
			);
			name = Thumbs;
			sourceTree = "<group>";
		};
		CE71A50A15F75CF300FE4DC3 = {
			isa = PBXGroup;
			children = (
				CE71A51F15F75CF300FE4DC3 /* scanorama */,
				CE71A51815F75CF300FE4DC3 /* Frameworks */,
				CE71A51615F75CF300FE4DC3 /* Products */,
			);
			sourceTree = "<group>";
		};
		CE71A51615F75CF300FE4DC3 /* Products */ = {
			isa = PBXGroup;
			children = (
				CE71A51515F75CF300FE4DC3 /* scanorama.app */,
			);
			name = Products;
			sourceTree = "<group>";
		};
		CE71A51815F75CF300FE4DC3 /* Frameworks */ = {
			isa = PBXGroup;
			children = (
				CE69AE25161A169C00C07A37 /* Accounts.framework */,
				CE69AE23161A168D00C07A37 /* FacebookSDKResources.bundle */,
				CE69AE20161A167A00C07A37 /* FacebookSDK.framework */,
				CE71A51915F75CF300FE4DC3 /* UIKit.framework */,
				CE71A51B15F75CF300FE4DC3 /* Foundation.framework */,
				CE71A51D15F75CF300FE4DC3 /* CoreGraphics.framework */,
			);
			name = Frameworks;
			sourceTree = "<group>";
		};
		CE71A51F15F75CF300FE4DC3 /* scanorama */ = {
			isa = PBXGroup;
			children = (
				CE683447161B48B300F8F0E7 /* SCErrors.h */,
				CE683448161B48B300F8F0E7 /* SCErrors.m */,
				CE6D312C1601F22C00511AF1 /* Utility */,
				CE6C9F8215FF43C400BEE44A /* CoreData.framework */,
				CE6C9F4715FF3C2400BEE44A /* CoreData */,
				CE6E997115FE33B200DBCA0D /* Models */,
				CECEA45615FB67BC00365ED3 /* Assets */,
				CEB8107E15FA735400956FF7 /* Views */,
				CEB8106A15FA416200956FF7 /* GUI */,
				CE71A52815F75CF300FE4DC3 /* SCAppDelegate.h */,
				CE71A52915F75CF300FE4DC3 /* SCAppDelegate.m */,
				CE71A53115F75CF400FE4DC3 /* first.png */,
				CE71A53315F75CF400FE4DC3 /* first@2x.png */,
				CE71A53815F75CF400FE4DC3 /* second.png */,
				CE71A53A15F75CF400FE4DC3 /* second@2x.png */,
				CE71A52015F75CF300FE4DC3 /* Supporting Files */,
				CEB8107715FA57C200956FF7 /* SCTabBarViewController.h */,
				CEB8107815FA57C200956FF7 /* SCTabBarViewController.m */,
				CEBDF4391605EEAB00571282 /* FavoriteButtonDelegate.h */,
				CEBDF43A1605EEAB00571282 /* FavoriteButtonDelegate.m */,
			);
			path = scanorama;
			sourceTree = "<group>";
		};
		CE71A52015F75CF300FE4DC3 /* Supporting Files */ = {
			isa = PBXGroup;
			children = (
				CE71A52115F75CF300FE4DC3 /* scanorama-Info.plist */,
				CE71A52215F75CF300FE4DC3 /* InfoPlist.strings */,
				CE71A52515F75CF300FE4DC3 /* main.m */,
				CE71A52715F75CF300FE4DC3 /* scanorama-Prefix.pch */,
			);
			name = "Supporting Files";
			sourceTree = "<group>";
		};
		CEB8106A15FA416200956FF7 /* GUI */ = {
			isa = PBXGroup;
			children = (
				CE71A52B15F75CF400FE4DC3 /* MainStoryboard.storyboard */,
				CE6C937615F8E3F300B907CE /* SCLandingPageViewController.h */,
				CE6C937715F8E3F300B907CE /* SCLandingPageViewController.m */,
				CEB8106B15FA432400956FF7 /* SCScheduleViewController.h */,
				CEB8106C15FA432400956FF7 /* SCScheduleViewController.m */,
				CEB8107115FA482800956FF7 /* SCMyProgramViewController.h */,
				CEB8107215FA482800956FF7 /* SCMyProgramViewController.m */,
				CEB8107415FA485B00956FF7 /* SCMoviesViewController.h */,
				CEB8107515FA485B00956FF7 /* SCMoviesViewController.m */,
				CE6C9293160764AB00E78965 /* SCMovieDescriptionViewController.h */,
				CE6C9294160764AB00E78965 /* SCMovieDescriptionViewController.m */,
				CE6C40C31619C198005FB90E /* SCDirectorViewController.h */,
				CE6C40C41619C198005FB90E /* SCDirectorViewController.m */,
			);
			name = GUI;
			sourceTree = "<group>";
		};
		CEB8107E15FA735400956FF7 /* Views */ = {
			isa = PBXGroup;
			children = (
				CED335D01622CBEE00D704A6 /* SCCustomToolbar.h */,
				CED335D11622CBEE00D704A6 /* SCCustomToolbar.m */,
				CEB8107F15FA738900956FF7 /* SCMovieCell.h */,
				CEB8108015FA738900956FF7 /* SCMovieCell.m */,
				CE6C2C60160103B80087CED3 /* SCDateNavigator.h */,
				CE6C2C61160103B80087CED3 /* SCDateNavigator.m */,
			);
			name = Views;
			sourceTree = "<group>";
		};
		CEBEC93E161EF0730099C60D /* images */ = {
			isa = PBXGroup;
			children = (
				CE6C4AC116242FD100F89AB4 /* tabBar_bg____1x48.png */,
				CE6C4ABF16242EA700F89AB4 /* tabBar_bg___1x48.png */,
				CE6C4ABC16242DF000F89AB4 /* tabBar_bg__1x48.png */,
				CED335EA1622FA1900D704A6 /* tabBar_bg_1x48.png */,
				CED335DE1622F75200D704A6 /* list_empty.png */,
				CED335DF1622F75200D704A6 /* list_empty@2x.png */,
				CED335E01622F75200D704A6 /* movies_empty.png */,
				CED335E11622F75300D704A6 /* movies_empty@2x.png */,
				CED335E21622F75300D704A6 /* star_empty.png */,
				CED335E31622F75400D704A6 /* star_empty@2x.png */,
				CEBEC95A161F02380099C60D /* toolbar_320x88.png */,
				CEBEC940161EF08F0099C60D /* filmai_header_640x74.png */,
				CEBEC941161EF08F0099C60D /* footer_devider_6x130.png */,
				CEBEC942161EF08F0099C60D /* footer_filmai_209x130.png */,
				CEBEC943161EF08F0099C60D /* footer_mano_programai_209x130.png */,
				CEBEC944161EF08F0099C60D /* footer_repertuaras_209x130.png */,
				CEBEC945161EF08F0099C60D /* List_sep_640x7.png */,
				CEBEC946161EF08F0099C60D /* logo_378x188.png */,
				CEBEC949161EF08F0099C60D /* star_not_selected_51x49.png */,
				CEBEC94A161EF08F0099C60D /* star_selected_51x49.png */,
				CEBEC94B161EF08F0099C60D /* time_next_33x47.png */,
				CEBEC94C161EF08F0099C60D /* time_prev_33x47.png */,
			);
			name = images;
			sourceTree = "<group>";
		};
		CECEA45615FB67BC00365ED3 /* Assets */ = {
			isa = PBXGroup;
			children = (
				CEBEC93E161EF0730099C60D /* images */,
				CED4C9FF1615B9E600AF88B2 /* icons */,
				CE6E997915FE4C2C00DBCA0D /* Movies */,
			);
			name = Assets;
			sourceTree = "<group>";
		};
		CED4C9FF1615B9E600AF88B2 /* icons */ = {
			isa = PBXGroup;
			children = (
				CED4CA001615B9E600AF88B2 /* Star-256.png */,
				CED4CA011615B9E600AF88B2 /* Star-empty-256.png */,
				CED4CA021615B9E600AF88B2 /* tabbar */,
			);
			path = icons;
			sourceTree = "<group>";
		};
		CED4CA021615B9E600AF88B2 /* tabbar */ = {
			isa = PBXGroup;
			children = (
				CED4CA031615B9E600AF88B2 /* 28-star.png */,
				CED4CA041615B9E600AF88B2 /* 46-movie.png */,
				CED4CA051615B9E600AF88B2 /* light_list.png */,
				CED4CA061615B9E600AF88B2 /* light_star.png */,
				CED4CA071615B9E600AF88B2 /* star.png */,
				CED4CA081615B9E600AF88B2 /* star@2x.png */,
				CED4CA091615B9E600AF88B2 /* star_30_30.png */,
			);
			path = tabbar;
			sourceTree = "<group>";
		};
/* End PBXGroup section */

/* Begin PBXNativeTarget section */
		CE71A51415F75CF300FE4DC3 /* scanorama */ = {
			isa = PBXNativeTarget;
			buildConfigurationList = CE71A53E15F75CF400FE4DC3 /* Build configuration list for PBXNativeTarget "scanorama" */;
			buildPhases = (
				CE71A51115F75CF300FE4DC3 /* Sources */,
				CE71A51215F75CF300FE4DC3 /* Frameworks */,
				CE71A51315F75CF300FE4DC3 /* Resources */,
			);
			buildRules = (
			);
			dependencies = (
			);
			name = scanorama;
			productName = scanorama;
			productReference = CE71A51515F75CF300FE4DC3 /* scanorama.app */;
			productType = "com.apple.product-type.application";
		};
/* End PBXNativeTarget section */

/* Begin PBXProject section */
		CE71A50C15F75CF300FE4DC3 /* Project object */ = {
			isa = PBXProject;
			attributes = {
				CLASSPREFIX = SC;
				LastUpgradeCheck = 0430;
			};
			buildConfigurationList = CE71A50F15F75CF300FE4DC3 /* Build configuration list for PBXProject "scanorama" */;
			compatibilityVersion = "Xcode 3.2";
			developmentRegion = English;
			hasScannedForEncodings = 0;
			knownRegions = (
				en,
			);
			mainGroup = CE71A50A15F75CF300FE4DC3;
			productRefGroup = CE71A51615F75CF300FE4DC3 /* Products */;
			projectDirPath = "";
			projectRoot = "";
			targets = (
				CE71A51415F75CF300FE4DC3 /* scanorama */,
			);
		};
/* End PBXProject section */

/* Begin PBXResourcesBuildPhase section */
		CE71A51315F75CF300FE4DC3 /* Resources */ = {
			isa = PBXResourcesBuildPhase;
			buildActionMask = 2147483647;
			files = (
				CE71A52415F75CF300FE4DC3 /* InfoPlist.strings in Resources */,
				CE71A52D15F75CF400FE4DC3 /* MainStoryboard.storyboard in Resources */,
				CE71A53215F75CF400FE4DC3 /* first.png in Resources */,
				CE71A53415F75CF400FE4DC3 /* first@2x.png in Resources */,
				CE71A53915F75CF400FE4DC3 /* second.png in Resources */,
				CE71A53B15F75CF400FE4DC3 /* second@2x.png in Resources */,
				CE6E997E15FE4DAF00DBCA0D /* god80x80.jpeg in Resources */,
				CE6E997F15FE4DAF00DBCA0D /* mib80x80.jpeg in Resources */,
				CE6E998015FE4DAF00DBCA0D /* movie80x80.gif in Resources */,
				CEC3167C160B62AD001DD984 /* aroyakaffair.jpg in Resources */,
				CEC3167D160B62AD001DD984 /* beauty.jpg in Resources */,
				CEC3167E160B62AD001DD984 /* hanussen.jpg in Resources */,
				CEC3167F160B62AD001DD984 /* mephisto.jpg in Resources */,
				CEC31680160B62AD001DD984 /* shameless.jpg in Resources */,
				CEC31681160B62AD001DD984 /* shemailsnails.jpg in Resources */,
				CEC31682160B62AD001DD984 /* thelegentofkasparhauser.jpg in Resources */,
				CEC31683160B62AD001DD984 /* theriverusedtobeaman.jpg in Resources */,
				CEC31684160B62AD001DD984 /* timeofmelife.jpg in Resources */,
				CEC31685160B62AD001DD984 /* undersnow.jpg in Resources */,
				CEC31686160B62AD001DD984 /* weekend.jpg in Resources */,
				CEC3168B160B62F8001DD984 /* aroyakaffair_thumb.jpg in Resources */,
				CEC3168C160B62F8001DD984 /* beauty_thumb.jpg in Resources */,
				CEC3168D160B62F8001DD984 /* hanussen_thumb.jpg in Resources */,
				CEC3168E160B62F8001DD984 /* mephisto_thumb.jpg in Resources */,
				CEC31696160B633F001DD984 /* shameless_thumb.jpg in Resources */,
				CEC31697160B633F001DD984 /* shemailsnails_thumb.jpg in Resources */,
				CEC31698160B633F001DD984 /* thelegentofkasparhauser_thumb.jpg in Resources */,
				CEC31699160B633F001DD984 /* theriverusedtobeaman_thumb.jpg in Resources */,
				CEC3169A160B633F001DD984 /* timeofmelife_thumb.jpg in Resources */,
				CEC3169B160B633F001DD984 /* undersnow_thumb.jpg in Resources */,
				CEC3169C160B633F001DD984 /* weekend_thumb.jpg in Resources */,
				CED127DB160CB3B1006F3EF8 /* schedule.json in Resources */,
				CED127E1160CB5AC006F3EF8 /* movies.json in Resources */,
				CED4CA0A1615B9E600AF88B2 /* Star-256.png in Resources */,
				CED4CA0B1615B9E600AF88B2 /* Star-empty-256.png in Resources */,
				CED4CA0C1615B9E600AF88B2 /* 28-star.png in Resources */,
				CED4CA0D1615B9E600AF88B2 /* 46-movie.png in Resources */,
				CED4CA0E1615B9E600AF88B2 /* light_list.png in Resources */,
				CED4CA0F1615B9E600AF88B2 /* light_star.png in Resources */,
				CED4CA101615B9E600AF88B2 /* star.png in Resources */,
				CED4CA111615B9E600AF88B2 /* star@2x.png in Resources */,
				CED4CA121615B9E600AF88B2 /* star_30_30.png in Resources */,
				CE69AE24161A168D00C07A37 /* FacebookSDKResources.bundle in Resources */,
				CEBEC94D161EF08F0099C60D /* filmai_header_640x74.png in Resources */,
				CEBEC94E161EF08F0099C60D /* footer_devider_6x130.png in Resources */,
				CEBEC94F161EF08F0099C60D /* footer_filmai_209x130.png in Resources */,
				CEBEC950161EF08F0099C60D /* footer_mano_programai_209x130.png in Resources */,
				CEBEC951161EF08F0099C60D /* footer_repertuaras_209x130.png in Resources */,
				CEBEC952161EF08F0099C60D /* List_sep_640x7.png in Resources */,
				CEBEC953161EF08F0099C60D /* logo_378x188.png in Resources */,
				CEBEC956161EF08F0099C60D /* star_not_selected_51x49.png in Resources */,
				CEBEC957161EF08F0099C60D /* star_selected_51x49.png in Resources */,
				CEBEC958161EF08F0099C60D /* time_next_33x47.png in Resources */,
				CEBEC959161EF08F0099C60D /* time_prev_33x47.png in Resources */,
				CEBEC95B161F02380099C60D /* toolbar_320x88.png in Resources */,
				CED335E41622F75400D704A6 /* list_empty.png in Resources */,
				CED335E51622F75400D704A6 /* list_empty@2x.png in Resources */,
				CED335E61622F75400D704A6 /* movies_empty.png in Resources */,
				CED335E71622F75400D704A6 /* movies_empty@2x.png in Resources */,
				CED335E81622F75400D704A6 /* star_empty.png in Resources */,
				CED335E91622F75400D704A6 /* star_empty@2x.png in Resources */,
				CED335EB1622FA1900D704A6 /* tabBar_bg_1x48.png in Resources */,
				CE6C4ABD16242DF000F89AB4 /* tabBar_bg__1x48.png in Resources */,
				CE6C4AC016242EA700F89AB4 /* tabBar_bg___1x48.png in Resources */,
				CE6C4AC216242FD100F89AB4 /* tabBar_bg____1x48.png in Resources */,
			);
			runOnlyForDeploymentPostprocessing = 0;
		};
/* End PBXResourcesBuildPhase section */

/* Begin PBXSourcesBuildPhase section */
		CE71A51115F75CF300FE4DC3 /* Sources */ = {
			isa = PBXSourcesBuildPhase;
			buildActionMask = 2147483647;
			files = (
				CE71A52615F75CF300FE4DC3 /* main.m in Sources */,
				CE71A52A15F75CF300FE4DC3 /* SCAppDelegate.m in Sources */,
				CE6C937815F8E3F300B907CE /* SCLandingPageViewController.m in Sources */,
				CEB8106D15FA432400956FF7 /* SCScheduleViewController.m in Sources */,
				CEB8107315FA482800956FF7 /* SCMyProgramViewController.m in Sources */,
				CEB8107615FA485B00956FF7 /* SCMoviesViewController.m in Sources */,
				CEB8107915FA57C300956FF7 /* SCTabBarViewController.m in Sources */,
				CEB8108115FA738900956FF7 /* SCMovieCell.m in Sources */,
				CEBA611E15FF56090047DA80 /* Database.xcdatamodeld in Sources */,
				CE6C74B01600CD160070AF61 /* SCDateString.m in Sources */,
				CE00F36B1600D6A30084C702 /* SCDate.m in Sources */,
				CE6C2C62160103B80087CED3 /* SCDateNavigator.m in Sources */,
				CE6D312A1601EC3E00511AF1 /* Schedule.m in Sources */,
				CE6D312F1601F24C00511AF1 /* SCConfig.m in Sources */,
				CEBDF43B1605EEAB00571282 /* FavoriteButtonDelegate.m in Sources */,
				CE6C9295160764AB00E78965 /* SCMovieDescriptionViewController.m in Sources */,
				CEC3166B160B50AD001DD984 /* SCJsonDatabase.m in Sources */,
				CE6C40821619B2DC005FB90E /* Movies.m in Sources */,
				CE6C40C51619C198005FB90E /* SCDirectorViewController.m in Sources */,
				CE683449161B48B300F8F0E7 /* SCErrors.m in Sources */,
				CED335D21622CBEE00D704A6 /* SCCustomToolbar.m in Sources */,
			);
			runOnlyForDeploymentPostprocessing = 0;
		};
/* End PBXSourcesBuildPhase section */

/* Begin PBXVariantGroup section */
		CE71A52215F75CF300FE4DC3 /* InfoPlist.strings */ = {
			isa = PBXVariantGroup;
			children = (
				CE71A52315F75CF300FE4DC3 /* en */,
			);
			name = InfoPlist.strings;
			sourceTree = "<group>";
		};
		CE71A52B15F75CF400FE4DC3 /* MainStoryboard.storyboard */ = {
			isa = PBXVariantGroup;
			children = (
				CE71A52C15F75CF400FE4DC3 /* en */,
			);
			name = MainStoryboard.storyboard;
			sourceTree = "<group>";
		};
/* End PBXVariantGroup section */

/* Begin XCBuildConfiguration section */
		CE71A53C15F75CF400FE4DC3 /* Debug */ = {
			isa = XCBuildConfiguration;
			buildSettings = {
				ALWAYS_SEARCH_USER_PATHS = NO;
				ARCHS = "$(ARCHS_STANDARD_32_BIT)";
				CLANG_ENABLE_OBJC_ARC = YES;
				"CODE_SIGN_IDENTITY[sdk=iphoneos*]" = "iPhone Developer";
				COPY_PHASE_STRIP = NO;
				GCC_C_LANGUAGE_STANDARD = gnu99;
				GCC_DYNAMIC_NO_PIC = NO;
				GCC_OPTIMIZATION_LEVEL = 0;
				GCC_PREPROCESSOR_DEFINITIONS = (
					"DEBUG=1",
					"$(inherited)",
				);
				GCC_SYMBOLS_PRIVATE_EXTERN = NO;
				GCC_VERSION = com.apple.compilers.llvm.clang.1_0;
				GCC_WARN_ABOUT_RETURN_TYPE = YES;
				GCC_WARN_UNINITIALIZED_AUTOS = YES;
				GCC_WARN_UNUSED_VARIABLE = YES;
				IPHONEOS_DEPLOYMENT_TARGET = 5.1;
				SDKROOT = iphoneos;
			};
			name = Debug;
		};
		CE71A53D15F75CF400FE4DC3 /* Release */ = {
			isa = XCBuildConfiguration;
			buildSettings = {
				ALWAYS_SEARCH_USER_PATHS = NO;
				ARCHS = "$(ARCHS_STANDARD_32_BIT)";
				CLANG_ENABLE_OBJC_ARC = YES;
				"CODE_SIGN_IDENTITY[sdk=iphoneos*]" = "iPhone Developer";
				COPY_PHASE_STRIP = YES;
				GCC_C_LANGUAGE_STANDARD = gnu99;
				GCC_VERSION = com.apple.compilers.llvm.clang.1_0;
				GCC_WARN_ABOUT_RETURN_TYPE = YES;
				GCC_WARN_UNINITIALIZED_AUTOS = YES;
				GCC_WARN_UNUSED_VARIABLE = YES;
				IPHONEOS_DEPLOYMENT_TARGET = 5.1;
				OTHER_CFLAGS = "-DNS_BLOCK_ASSERTIONS=1";
				SDKROOT = iphoneos;
				VALIDATE_PRODUCT = YES;
			};
			name = Release;
		};
		CE71A53F15F75CF400FE4DC3 /* Debug */ = {
			isa = XCBuildConfiguration;
			buildSettings = {
				FRAMEWORK_SEARCH_PATHS = (
					"$(inherited)",
					"\"$(SRCROOT)/../../../Documents/FacebookSDK\"",
				);
				GCC_PRECOMPILE_PREFIX_HEADER = YES;
				GCC_PREFIX_HEADER = "scanorama/scanorama-Prefix.pch";
				INFOPLIST_FILE = "scanorama/scanorama-Info.plist";
				OTHER_LDFLAGS = "-lsqlite3.0";
				PRODUCT_NAME = "$(TARGET_NAME)";
				WRAPPER_EXTENSION = app;
			};
			name = Debug;
		};
		CE71A54015F75CF400FE4DC3 /* Release */ = {
			isa = XCBuildConfiguration;
			buildSettings = {
				FRAMEWORK_SEARCH_PATHS = (
					"$(inherited)",
					"\"$(SRCROOT)/../../../Documents/FacebookSDK\"",
				);
				GCC_PRECOMPILE_PREFIX_HEADER = YES;
				GCC_PREFIX_HEADER = "scanorama/scanorama-Prefix.pch";
				INFOPLIST_FILE = "scanorama/scanorama-Info.plist";
				OTHER_LDFLAGS = "-lsqlite3.0";
				PRODUCT_NAME = "$(TARGET_NAME)";
				WRAPPER_EXTENSION = app;
			};
			name = Release;
		};
/* End XCBuildConfiguration section */

/* Begin XCConfigurationList section */
		CE71A50F15F75CF300FE4DC3 /* Build configuration list for PBXProject "scanorama" */ = {
			isa = XCConfigurationList;
			buildConfigurations = (
				CE71A53C15F75CF400FE4DC3 /* Debug */,
				CE71A53D15F75CF400FE4DC3 /* Release */,
			);
			defaultConfigurationIsVisible = 0;
			defaultConfigurationName = Release;
		};
		CE71A53E15F75CF400FE4DC3 /* Build configuration list for PBXNativeTarget "scanorama" */ = {
			isa = XCConfigurationList;
			buildConfigurations = (
				CE71A53F15F75CF400FE4DC3 /* Debug */,
				CE71A54015F75CF400FE4DC3 /* Release */,
			);
			defaultConfigurationIsVisible = 0;
			defaultConfigurationName = Release;
		};
/* End XCConfigurationList section */

/* Begin XCVersionGroup section */
		CEBA611C15FF56090047DA80 /* Database.xcdatamodeld */ = {
			isa = XCVersionGroup;
			children = (
				CEBA611D15FF56090047DA80 /* Database.xcdatamodel */,
			);
			currentVersion = CEBA611D15FF56090047DA80 /* Database.xcdatamodel */;
			path = Database.xcdatamodeld;
			sourceTree = "<group>";
			versionGroupType = wrapper.xcdatamodel;
		};
/* End XCVersionGroup section */
	};
	rootObject = CE71A50C15F75CF300FE4DC3 /* Project object */;
}
